
Microsoft Visual Studio Solution File, Format Version 12.00
# Visual Studio Version 16
VisualStudioVersion = 16.0.30907.101
MinimumVisualStudioVersion = 10.0.40219.1
Project("{F184B08F-C81C-45F6-A57F-5ABD9991F28F}") = "p10", "p10\p10.vbproj", "{C4847477-A58C-42D0-8349-9580DE06D889}"
EndProject
Global
	GlobalSection(SolutionConfigurationPlatforms) = preSolution
		Debug|Any CPU = Debug|Any CPU
		Release|Any CPU = Release|Any CPU
	EndGlobalSection
	GlobalSection(ProjectConfigurationPlatforms) = postSolution
		{C4847477-A58C-42D0-8349-9580DE06D889}.Debug|Any CPU.ActiveCfg = Debug|Any CPU
		{C4847477-A58C-42D0-8349-9580DE06D889}.Debug|Any CPU.Build.0 = Debug|Any CPU
		{C4847477-A58C-42D0-8349-9580DE06D889}.Release|Any CPU.ActiveCfg = Release|Any CPU
		{C4847477-A58C-42D0-8349-9580DE06D889}.Release|Any CPU.Build.0 = Release|Any CPU
	EndGlobalSection
	GlobalSection(SolutionProperties) = preSolution
		HideSolutionNode = FALSE
	EndGlobalSection
	GlobalSection(ExtensibilityGlobals) = postSolution
		SolutionGuid = {183703D1-2612-4370-89D4-DD647F3EC53C}
	EndGlobalSection
EndGlobal
